# This file is automatically generated by uv.
# To update, run `uv lock`.

version = 1
requires-python = ">=3.11"

[[package]]
name = "py-elvis"
version = "0.1.0"
source = { editable = "." }
dependencies = [
    { name = "matplotlib" },
    { name = "networkx" },
    { name = "numpy" },
    { name = "pandas" },
    { name = "pyyaml" },
    { name = "scikit-learn" },
    { name = "scipy" },
]

[package.optional-dependencies]
dev = [
    { name = "black" },
    { name = "flake8" },
    { name = "isort" },
    { name = "mypy" },
    { name = "pytest" },
    { name = "pytest-cov" },
]
docs = [
    { name = "sphinx" },
    { name = "sphinx-rtd-theme" },
]
jupyter = [
    { name = "ipykernel" },
    { name = "jupyter" },
    { name = "notebook" },
]

[[package]]
name = "matplotlib"
version = "3.10.6"
source = { registry = "https://pypi.org/simple" }

[[package]]
name = "networkx"
version = "3.5"
source = { registry = "https://pypi.org/simple" }

[[package]]
name = "numpy"
version = "2.3.0"
source = { registry = "https://pypi.org/simple" }

[[package]]
name = "pandas"
version = "2.3.2"
source = { registry = "https://pypi.org/simple" }

[[package]]
name = "pyyaml"
version = "6.0.2"
source = { registry = "https://pypi.org/simple" }

[[package]]
name = "scikit-learn"
version = "1.7.2"
source = { registry = "https://pypi.org/simple" }

[[package]]
name = "scipy"
version = "1.16.1"
source = { registry = "https://pypi.org/simple" }

[[package]]
name = "black"
version = "24.0.0"
source = { registry = "https://pypi.org/simple" }

[[package]]
name = "flake8"
version = "7.0.0"
source = { registry = "https://pypi.org/simple" }

[[package]]
name = "isort"
version = "5.13.0"
source = { registry = "https://pypi.org/simple" }

[[package]]
name = "mypy"
version = "1.8.0"
source = { registry = "https://pypi.org/simple" }

[[package]]
name = "pytest"
version = "8.0.0"
source = { registry = "https://pypi.org/simple" }

[[package]]
name = "pytest-cov"
version = "4.0.0"
source = { registry = "https://pypi.org/simple" }

[[package]]
name = "sphinx"
version = "7.0.0"
source = { registry = "https://pypi.org/simple" }

[[package]]
name = "sphinx-rtd-theme"
version = "2.0.0"
source = { registry = "https://pypi.org/simple" }

[[package]]
name = "ipykernel"
version = "6.0.0"
source = { registry = "https://pypi.org/simple" }

[[package]]
name = "jupyter"
version = "1.1.0"
source = { registry = "https://pypi.org/simple" }

[[package]]
name = "notebook"
version = "7.0.0"
source = { registry = "https://pypi.org/simple" }